
Microsoft Visual Studio Solution File, Format Version 12.00
# Visual Studio 15
VisualStudioVersion = 15.0.26730.12
MinimumVisualStudioVersion = 10.0.40219.1
Project("{FAE04EC0-301F-11D3-BF4B-00C04F79EFBC}") = "Семестровка 2. Часть 1. Задача 1", "Семестровка 2. Часть 1. Задача 1\Семестровка 2. Часть 1. Задача 1.csproj", "{FEC54EBC-E2E5-446D-BFD1-6B2011AE4FA0}"
EndProject
Global
	GlobalSection(SolutionConfigurationPlatforms) = preSolution
		Debug|Any CPU = Debug|Any CPU
		Release|Any CPU = Release|Any CPU
	EndGlobalSection
	GlobalSection(ProjectConfigurationPlatforms) = postSolution
		{FEC54EBC-E2E5-446D-BFD1-6B2011AE4FA0}.Debug|Any CPU.ActiveCfg = Debug|Any CPU
		{FEC54EBC-E2E5-446D-BFD1-6B2011AE4FA0}.Debug|Any CPU.Build.0 = Debug|Any CPU
		{FEC54EBC-E2E5-446D-BFD1-6B2011AE4FA0}.Release|Any CPU.ActiveCfg = Release|Any CPU
		{FEC54EBC-E2E5-446D-BFD1-6B2011AE4FA0}.Release|Any CPU.Build.0 = Release|Any CPU
	EndGlobalSection
	GlobalSection(SolutionProperties) = preSolution
		HideSolutionNode = FALSE
	EndGlobalSection
	GlobalSection(ExtensibilityGlobals) = postSolution
		SolutionGuid = {D0393475-195C-40CF-A7AD-510D8980CD91}
	EndGlobalSection
EndGlobal
