
Microsoft Visual Studio Solution File, Format Version 12.00
# Visual Studio 15
VisualStudioVersion = 15.0.26730.12
MinimumVisualStudioVersion = 10.0.40219.1
Project("{FAE04EC0-301F-11D3-BF4B-00C04F79EFBC}") = "Классная работа 25.09. Задача 1. Решение 2", "Классная работа 25.09. Задача 1. Решение 2\Классная работа 25.09. Задача 1. Решение 2.csproj", "{4FCE7300-1B70-4A76-95B4-BDC6552FC6E7}"
EndProject
Global
	GlobalSection(SolutionConfigurationPlatforms) = preSolution
		Debug|Any CPU = Debug|Any CPU
		Release|Any CPU = Release|Any CPU
	EndGlobalSection
	GlobalSection(ProjectConfigurationPlatforms) = postSolution
		{4FCE7300-1B70-4A76-95B4-BDC6552FC6E7}.Debug|Any CPU.ActiveCfg = Debug|Any CPU
		{4FCE7300-1B70-4A76-95B4-BDC6552FC6E7}.Debug|Any CPU.Build.0 = Debug|Any CPU
		{4FCE7300-1B70-4A76-95B4-BDC6552FC6E7}.Release|Any CPU.ActiveCfg = Release|Any CPU
		{4FCE7300-1B70-4A76-95B4-BDC6552FC6E7}.Release|Any CPU.Build.0 = Release|Any CPU
	EndGlobalSection
	GlobalSection(SolutionProperties) = preSolution
		HideSolutionNode = FALSE
	EndGlobalSection
	GlobalSection(ExtensibilityGlobals) = postSolution
		SolutionGuid = {E88A4084-1110-4F1F-868B-6C2C3E07C30E}
	EndGlobalSection
EndGlobal
