
Microsoft Visual Studio Solution File, Format Version 12.00
# Visual Studio 15
VisualStudioVersion = 15.0.26730.12
MinimumVisualStudioVersion = 10.0.40219.1
Project("{FAE04EC0-301F-11D3-BF4B-00C04F79EFBC}") = "Семестровка 2. Часть 1. Задача 17", "Семестровка 2. Часть 1. Задача 17\Семестровка 2. Часть 1. Задача 17.csproj", "{D98456F5-1E1D-4E9A-B563-EDFA915F67EC}"
EndProject
Global
	GlobalSection(SolutionConfigurationPlatforms) = preSolution
		Debug|Any CPU = Debug|Any CPU
		Release|Any CPU = Release|Any CPU
	EndGlobalSection
	GlobalSection(ProjectConfigurationPlatforms) = postSolution
		{D98456F5-1E1D-4E9A-B563-EDFA915F67EC}.Debug|Any CPU.ActiveCfg = Debug|Any CPU
		{D98456F5-1E1D-4E9A-B563-EDFA915F67EC}.Debug|Any CPU.Build.0 = Debug|Any CPU
		{D98456F5-1E1D-4E9A-B563-EDFA915F67EC}.Release|Any CPU.ActiveCfg = Release|Any CPU
		{D98456F5-1E1D-4E9A-B563-EDFA915F67EC}.Release|Any CPU.Build.0 = Release|Any CPU
	EndGlobalSection
	GlobalSection(SolutionProperties) = preSolution
		HideSolutionNode = FALSE
	EndGlobalSection
	GlobalSection(ExtensibilityGlobals) = postSolution
		SolutionGuid = {8780993E-EE86-4AA0-93E0-A18EE8C629BA}
	EndGlobalSection
EndGlobal
